// !$*UTF8*$!
{
	archiveVersion = 1;
	classes = {
	};
	objectVersion = 48;
	objects = {

/* Begin PBXBuildFile section */
		04078CBA1FAEBD59007196E0 /* CustomSegment.swift in Sources */ = {isa = PBXBuildFile; fileRef = 04078CB91FAEBD59007196E0 /* CustomSegment.swift */; };
		04078CBF1FAF3CBF007196E0 /* NavigationMenuViewController.swift in Sources */ = {isa = PBXBuildFile; fileRef = 04078CBD1FAF3CBF007196E0 /* NavigationMenuViewController.swift */; };
		04078CC01FAF3CBF007196E0 /* HostViewController.swift in Sources */ = {isa = PBXBuildFile; fileRef = 04078CBE1FAF3CBF007196E0 /* HostViewController.swift */; };
		04078CC21FAF4012007196E0 /* User.swift in Sources */ = {isa = PBXBuildFile; fileRef = 04078CC11FAF4012007196E0 /* User.swift */; };
		04078CC41FAF401E007196E0 /* Constants.swift in Sources */ = {isa = PBXBuildFile; fileRef = 04078CC31FAF401E007196E0 /* Constants.swift */; };
		04078CC61FAF4028007196E0 /* Utils.swift in Sources */ = {isa = PBXBuildFile; fileRef = 04078CC51FAF4028007196E0 /* Utils.swift */; };
		04078CC81FAF4066007196E0 /* Extensions.swift in Sources */ = {isa = PBXBuildFile; fileRef = 04078CC71FAF4066007196E0 /* Extensions.swift */; };
		04078CCF1FAF407C007196E0 /* Singleton.swift in Sources */ = {isa = PBXBuildFile; fileRef = 04078CCB1FAF407B007196E0 /* Singleton.swift */; };
		04078CD01FAF407C007196E0 /* WebserviceManager.swift in Sources */ = {isa = PBXBuildFile; fileRef = 04078CCC1FAF407C007196E0 /* WebserviceManager.swift */; };
		04078CD21FAF41EA007196E0 /* SearchViewController.swift in Sources */ = {isa = PBXBuildFile; fileRef = 04078CD11FAF41EA007196E0 /* SearchViewController.swift */; };
		04078CDE1FAF4382007196E0 /* ProfileViewController.swift in Sources */ = {isa = PBXBuildFile; fileRef = 04078CDD1FAF4382007196E0 /* ProfileViewController.swift */; };
		04078CE51FAF464B007196E0 /* ChagePasswordViewController.swift in Sources */ = {isa = PBXBuildFile; fileRef = 04078CE41FAF464B007196E0 /* ChagePasswordViewController.swift */; };
		042254831FB169480064798B /* TLTagsControl.m in Sources */ = {isa = PBXBuildFile; fileRef = 042254821FB169470064798B /* TLTagsControl.m */; };
		044750771FAD86DC00EE8C73 /* CustomTextField.swift in Sources */ = {isa = PBXBuildFile; fileRef = 044750661FAD86D900EE8C73 /* CustomTextField.swift */; };
		0447507D1FAD86DC00EE8C73 /* CircleImageView.swift in Sources */ = {isa = PBXBuildFile; fileRef = 0447506C1FAD86DA00EE8C73 /* CircleImageView.swift */; };
		0447507F1FAD86DC00EE8C73 /* CustomViewWithLessAlpha.swift in Sources */ = {isa = PBXBuildFile; fileRef = 0447506E1FAD86DA00EE8C73 /* CustomViewWithLessAlpha.swift */; };
		044750821FAD86DC00EE8C73 /* AppFont.swift in Sources */ = {isa = PBXBuildFile; fileRef = 044750711FAD86DB00EE8C73 /* AppFont.swift */; };
		044750891FAD872700EE8C73 /* ForgetPasswordViewController.swift in Sources */ = {isa = PBXBuildFile; fileRef = 044750881FAD872700EE8C73 /* ForgetPasswordViewController.swift */; };
		045CFCAB1FB5CB4600B573D3 /* Item.swift in Sources */ = {isa = PBXBuildFile; fileRef = 045CFCAA1FB5CB4600B573D3 /* Item.swift */; };
		046F2F921FB02A7E0023FC99 /* PROXIMASANSREGULAR REGULAR.TTF in Resources */ = {isa = PBXBuildFile; fileRef = 046F2F911FB02A7E0023FC99 /* PROXIMASANSREGULAR REGULAR.TTF */; };
		046F2F951FB03DAA0023FC99 /* MenuCell.swift in Sources */ = {isa = PBXBuildFile; fileRef = 046F2F941FB03DAA0023FC99 /* MenuCell.swift */; };
		046F2F971FB045630023FC99 /* DrinkViewController.swift in Sources */ = {isa = PBXBuildFile; fileRef = 046F2F961FB045630023FC99 /* DrinkViewController.swift */; };
		046F2F991FB045770023FC99 /* FoodViewController.swift in Sources */ = {isa = PBXBuildFile; fileRef = 046F2F981FB045770023FC99 /* FoodViewController.swift */; };
		046F2F9B1FB045870023FC99 /* TopRatedViewController.swift in Sources */ = {isa = PBXBuildFile; fileRef = 046F2F9A1FB045870023FC99 /* TopRatedViewController.swift */; };
		046F2F9D1FB0459A0023FC99 /* FavouriteViewController.swift in Sources */ = {isa = PBXBuildFile; fileRef = 046F2F9C1FB0459A0023FC99 /* FavouriteViewController.swift */; };
		046F2FA31FB049D00023FC99 /* ItemTableViewCell.swift in Sources */ = {isa = PBXBuildFile; fileRef = 046F2FA21FB049D00023FC99 /* ItemTableViewCell.swift */; };
		046F2FA51FB04EE50023FC99 /* SearchResultViewController.swift in Sources */ = {isa = PBXBuildFile; fileRef = 046F2FA41FB04EE50023FC99 /* SearchResultViewController.swift */; };
		046F2FA71FB06D7F0023FC99 /* DetailViewController.swift in Sources */ = {isa = PBXBuildFile; fileRef = 046F2FA61FB06D7F0023FC99 /* DetailViewController.swift */; };
		046F2FA91FB06D890023FC99 /* RatingViewController.swift in Sources */ = {isa = PBXBuildFile; fileRef = 046F2FA81FB06D880023FC99 /* RatingViewController.swift */; };
		04B083FA1FAC983B0058BF55 /* AppDelegate.swift in Sources */ = {isa = PBXBuildFile; fileRef = 04B083F91FAC983B0058BF55 /* AppDelegate.swift */; };
		04B083FC1FAC983B0058BF55 /* LogInViewController.swift in Sources */ = {isa = PBXBuildFile; fileRef = 04B083FB1FAC983B0058BF55 /* LogInViewController.swift */; };
		04B083FF1FAC983B0058BF55 /* Base.storyboard in Resources */ = {isa = PBXBuildFile; fileRef = 04B083FD1FAC983B0058BF55 /* Base.storyboard */; };
		04B084011FAC983B0058BF55 /* Assets.xcassets in Resources */ = {isa = PBXBuildFile; fileRef = 04B084001FAC983B0058BF55 /* Assets.xcassets */; };
		04B084041FAC983B0058BF55 /* LaunchScreen.storyboard in Resources */ = {isa = PBXBuildFile; fileRef = 04B084021FAC983B0058BF55 /* LaunchScreen.storyboard */; };
		04B0840F1FAC983B0058BF55 /* MangeFridgeTests.swift in Sources */ = {isa = PBXBuildFile; fileRef = 04B0840E1FAC983B0058BF55 /* MangeFridgeTests.swift */; };
		04B0841A1FAC983B0058BF55 /* MangeFridgeUITests.swift in Sources */ = {isa = PBXBuildFile; fileRef = 04B084191FAC983B0058BF55 /* MangeFridgeUITests.swift */; };
		04B0842E1FAC9BD20058BF55 /* Menu.storyboard in Resources */ = {isa = PBXBuildFile; fileRef = 04B0842D1FAC9BD20058BF55 /* Menu.storyboard */; };
		04B084301FAC9C5D0058BF55 /* SignUpViwController.swift in Sources */ = {isa = PBXBuildFile; fileRef = 04B0842F1FAC9C5D0058BF55 /* SignUpViwController.swift */; };
		04C0D1EF1FC2A8C4006DCF5B /* UserFeedbackCellTableViewCell.swift in Sources */ = {isa = PBXBuildFile; fileRef = 04C0D1EE1FC2A8C4006DCF5B /* UserFeedbackCellTableViewCell.swift */; };
		04C0D1F11FC2AC33006DCF5B /* ShowUserFeedbackVC.swift in Sources */ = {isa = PBXBuildFile; fileRef = 04C0D1F01FC2AC32006DCF5B /* ShowUserFeedbackVC.swift */; };
		04DF4CA81FB474930030B28F /* SignUpViewController+Extension.swift in Sources */ = {isa = PBXBuildFile; fileRef = 04DF4CA71FB474930030B28F /* SignUpViewController+Extension.swift */; };
		04DF4CAA1FB478580030B28F /* ProfileViewController+Extension.swift in Sources */ = {isa = PBXBuildFile; fileRef = 04DF4CA91FB478580030B28F /* ProfileViewController+Extension.swift */; };
		04F19FAD1FBFF812001811FA /* Ingredients.swift in Sources */ = {isa = PBXBuildFile; fileRef = 04F19FAC1FBFF812001811FA /* Ingredients.swift */; };
		9587BA0C96BD634A201D8E9F /* Pods_MangeFridge.framework in Frameworks */ = {isa = PBXBuildFile; fileRef = CE7CFB95193AAFB999D500E3 /* Pods_MangeFridge.framework */; };
/* End PBXBuildFile section */

/* Begin PBXContainerItemProxy section */
		04B0840B1FAC983B0058BF55 /* PBXContainerItemProxy */ = {
			isa = PBXContainerItemProxy;
			containerPortal = 04B083EE1FAC983B0058BF55 /* Project object */;
			proxyType = 1;
			remoteGlobalIDString = 04B083F51FAC983B0058BF55;
			remoteInfo = MangeFridge;
		};
		04B084161FAC983B0058BF55 /* PBXContainerItemProxy */ = {
			isa = PBXContainerItemProxy;
			containerPortal = 04B083EE1FAC983B0058BF55 /* Project object */;
			proxyType = 1;
			remoteGlobalIDString = 04B083F51FAC983B0058BF55;
			remoteInfo = MangeFridge;
		};
/* End PBXContainerItemProxy section */

/* Begin PBXFileReference section */
		04078CB91FAEBD59007196E0 /* CustomSegment.swift */ = {isa = PBXFileReference; fileEncoding = 4; lastKnownFileType = sourcecode.swift; path = CustomSegment.swift; sourceTree = "<group>"; };
		04078CBD1FAF3CBF007196E0 /* NavigationMenuViewController.swift */ = {isa = PBXFileReference; fileEncoding = 4; lastKnownFileType = sourcecode.swift; path = NavigationMenuViewController.swift; sourceTree = "<group>"; };
		04078CBE1FAF3CBF007196E0 /* HostViewController.swift */ = {isa = PBXFileReference; fileEncoding = 4; lastKnownFileType = sourcecode.swift; path = HostViewController.swift; sourceTree = "<group>"; };
		04078CC11FAF4012007196E0 /* User.swift */ = {isa = PBXFileReference; fileEncoding = 4; lastKnownFileType = sourcecode.swift; path = User.swift; sourceTree = "<group>"; };
		04078CC31FAF401E007196E0 /* Constants.swift */ = {isa = PBXFileReference; fileEncoding = 4; lastKnownFileType = sourcecode.swift; path = Constants.swift; sourceTree = "<group>"; };
		04078CC51FAF4028007196E0 /* Utils.swift */ = {isa = PBXFileReference; fileEncoding = 4; lastKnownFileType = sourcecode.swift; path = Utils.swift; sourceTree = "<group>"; };
		04078CC71FAF4066007196E0 /* Extensions.swift */ = {isa = PBXFileReference; fileEncoding = 4; lastKnownFileType = sourcecode.swift; path = Extensions.swift; sourceTree = "<group>"; };
		04078CCB1FAF407B007196E0 /* Singleton.swift */ = {isa = PBXFileReference; fileEncoding = 4; lastKnownFileType = sourcecode.swift; path = Singleton.swift; sourceTree = "<group>"; };
		04078CCC1FAF407C007196E0 /* WebserviceManager.swift */ = {isa = PBXFileReference; fileEncoding = 4; lastKnownFileType = sourcecode.swift; path = WebserviceManager.swift; sourceTree = "<group>"; };
		04078CD11FAF41EA007196E0 /* SearchViewController.swift */ = {isa = PBXFileReference; lastKnownFileType = sourcecode.swift; path = SearchViewController.swift; sourceTree = "<group>"; };
		04078CDD1FAF4382007196E0 /* ProfileViewController.swift */ = {isa = PBXFileReference; lastKnownFileType = sourcecode.swift; path = ProfileViewController.swift; sourceTree = "<group>"; };
		04078CE41FAF464B007196E0 /* ChagePasswordViewController.swift */ = {isa = PBXFileReference; lastKnownFileType = sourcecode.swift; path = ChagePasswordViewController.swift; sourceTree = "<group>"; };
		042254801FB169410064798B /* MangeFridge-Bridging-Header.h */ = {isa = PBXFileReference; lastKnownFileType = sourcecode.c.h; path = "MangeFridge-Bridging-Header.h"; sourceTree = "<group>"; };
		042254811FB169470064798B /* TLTagsControl.h */ = {isa = PBXFileReference; lastKnownFileType = sourcecode.c.h; path = TLTagsControl.h; sourceTree = "<group>"; };
		042254821FB169470064798B /* TLTagsControl.m */ = {isa = PBXFileReference; lastKnownFileType = sourcecode.c.objc; path = TLTagsControl.m; sourceTree = "<group>"; };
		044750661FAD86D900EE8C73 /* CustomTextField.swift */ = {isa = PBXFileReference; fileEncoding = 4; lastKnownFileType = sourcecode.swift; path = CustomTextField.swift; sourceTree = "<group>"; };
		0447506C1FAD86DA00EE8C73 /* CircleImageView.swift */ = {isa = PBXFileReference; fileEncoding = 4; lastKnownFileType = sourcecode.swift; path = CircleImageView.swift; sourceTree = "<group>"; };
		0447506E1FAD86DA00EE8C73 /* CustomViewWithLessAlpha.swift */ = {isa = PBXFileReference; fileEncoding = 4; lastKnownFileType = sourcecode.swift; path = CustomViewWithLessAlpha.swift; sourceTree = "<group>"; };
		044750711FAD86DB00EE8C73 /* AppFont.swift */ = {isa = PBXFileReference; fileEncoding = 4; lastKnownFileType = sourcecode.swift; path = AppFont.swift; sourceTree = "<group>"; };
		044750881FAD872700EE8C73 /* ForgetPasswordViewController.swift */ = {isa = PBXFileReference; lastKnownFileType = sourcecode.swift; path = ForgetPasswordViewController.swift; sourceTree = "<group>"; };
		045CFCAA1FB5CB4600B573D3 /* Item.swift */ = {isa = PBXFileReference; lastKnownFileType = sourcecode.swift; path = Item.swift; sourceTree = "<group>"; };
		046F2F911FB02A7E0023FC99 /* PROXIMASANSREGULAR REGULAR.TTF */ = {isa = PBXFileReference; lastKnownFileType = file; path = "PROXIMASANSREGULAR REGULAR.TTF"; sourceTree = "<group>"; };
		046F2F941FB03DAA0023FC99 /* MenuCell.swift */ = {isa = PBXFileReference; lastKnownFileType = sourcecode.swift; path = MenuCell.swift; sourceTree = "<group>"; };
		046F2F961FB045630023FC99 /* DrinkViewController.swift */ = {isa = PBXFileReference; lastKnownFileType = sourcecode.swift; path = DrinkViewController.swift; sourceTree = "<group>"; };
		046F2F981FB045770023FC99 /* FoodViewController.swift */ = {isa = PBXFileReference; lastKnownFileType = sourcecode.swift; path = FoodViewController.swift; sourceTree = "<group>"; };
		046F2F9A1FB045870023FC99 /* TopRatedViewController.swift */ = {isa = PBXFileReference; lastKnownFileType = sourcecode.swift; path = TopRatedViewController.swift; sourceTree = "<group>"; };
		046F2F9C1FB0459A0023FC99 /* FavouriteViewController.swift */ = {isa = PBXFileReference; lastKnownFileType = sourcecode.swift; path = FavouriteViewController.swift; sourceTree = "<group>"; };
		046F2FA21FB049D00023FC99 /* ItemTableViewCell.swift */ = {isa = PBXFileReference; lastKnownFileType = sourcecode.swift; path = ItemTableViewCell.swift; sourceTree = "<group>"; };
		046F2FA41FB04EE50023FC99 /* SearchResultViewController.swift */ = {isa = PBXFileReference; lastKnownFileType = sourcecode.swift; path = SearchResultViewController.swift; sourceTree = "<group>"; };
		046F2FA61FB06D7F0023FC99 /* DetailViewController.swift */ = {isa = PBXFileReference; fileEncoding = 4; lastKnownFileType = sourcecode.swift; path = DetailViewController.swift; sourceTree = "<group>"; };
		046F2FA81FB06D880023FC99 /* RatingViewController.swift */ = {isa = PBXFileReference; fileEncoding = 4; lastKnownFileType = sourcecode.swift; path = RatingViewController.swift; sourceTree = "<group>"; };
		04B083F61FAC983B0058BF55 /* MangeFridge.app */ = {isa = PBXFileReference; explicitFileType = wrapper.application; includeInIndex = 0; path = MangeFridge.app; sourceTree = BUILT_PRODUCTS_DIR; };
		04B083F91FAC983B0058BF55 /* AppDelegate.swift */ = {isa = PBXFileReference; lastKnownFileType = sourcecode.swift; path = AppDelegate.swift; sourceTree = "<group>"; };
		04B083FB1FAC983B0058BF55 /* LogInViewController.swift */ = {isa = PBXFileReference; lastKnownFileType = sourcecode.swift; path = LogInViewController.swift; sourceTree = "<group>"; };
		04B083FE1FAC983B0058BF55 /* Base */ = {isa = PBXFileReference; lastKnownFileType = file.storyboard; name = Base; path = Base.lproj/Base.storyboard; sourceTree = "<group>"; };
		04B084001FAC983B0058BF55 /* Assets.xcassets */ = {isa = PBXFileReference; lastKnownFileType = folder.assetcatalog; path = Assets.xcassets; sourceTree = "<group>"; };
		04B084031FAC983B0058BF55 /* Base */ = {isa = PBXFileReference; lastKnownFileType = file.storyboard; name = Base; path = Base.lproj/LaunchScreen.storyboard; sourceTree = "<group>"; };
		04B084051FAC983B0058BF55 /* Info.plist */ = {isa = PBXFileReference; lastKnownFileType = text.plist.xml; path = Info.plist; sourceTree = "<group>"; };
		04B0840A1FAC983B0058BF55 /* MangeFridgeTests.xctest */ = {isa = PBXFileReference; explicitFileType = wrapper.cfbundle; includeInIndex = 0; path = MangeFridgeTests.xctest; sourceTree = BUILT_PRODUCTS_DIR; };
		04B0840E1FAC983B0058BF55 /* MangeFridgeTests.swift */ = {isa = PBXFileReference; lastKnownFileType = sourcecode.swift; path = MangeFridgeTests.swift; sourceTree = "<group>"; };
		04B084101FAC983B0058BF55 /* Info.plist */ = {isa = PBXFileReference; lastKnownFileType = text.plist.xml; path = Info.plist; sourceTree = "<group>"; };
		04B084151FAC983B0058BF55 /* MangeFridgeUITests.xctest */ = {isa = PBXFileReference; explicitFileType = wrapper.cfbundle; includeInIndex = 0; path = MangeFridgeUITests.xctest; sourceTree = BUILT_PRODUCTS_DIR; };
		04B084191FAC983B0058BF55 /* MangeFridgeUITests.swift */ = {isa = PBXFileReference; lastKnownFileType = sourcecode.swift; path = MangeFridgeUITests.swift; sourceTree = "<group>"; };
		04B0841B1FAC983B0058BF55 /* Info.plist */ = {isa = PBXFileReference; lastKnownFileType = text.plist.xml; path = Info.plist; sourceTree = "<group>"; };
		04B0842D1FAC9BD20058BF55 /* Menu.storyboard */ = {isa = PBXFileReference; lastKnownFileType = file.storyboard; path = Menu.storyboard; sourceTree = "<group>"; };
		04B0842F1FAC9C5D0058BF55 /* SignUpViwController.swift */ = {isa = PBXFileReference; lastKnownFileType = sourcecode.swift; path = SignUpViwController.swift; sourceTree = "<group>"; };
		04C0D1EE1FC2A8C4006DCF5B /* UserFeedbackCellTableViewCell.swift */ = {isa = PBXFileReference; fileEncoding = 4; lastKnownFileType = sourcecode.swift; path = UserFeedbackCellTableViewCell.swift; sourceTree = "<group>"; };
		04C0D1F01FC2AC32006DCF5B /* ShowUserFeedbackVC.swift */ = {isa = PBXFileReference; fileEncoding = 4; lastKnownFileType = sourcecode.swift; path = ShowUserFeedbackVC.swift; sourceTree = "<group>"; };
		04DF4CA71FB474930030B28F /* SignUpViewController+Extension.swift */ = {isa = PBXFileReference; lastKnownFileType = sourcecode.swift; path = "SignUpViewController+Extension.swift"; sourceTree = "<group>"; };
		04DF4CA91FB478580030B28F /* ProfileViewController+Extension.swift */ = {isa = PBXFileReference; lastKnownFileType = sourcecode.swift; path = "ProfileViewController+Extension.swift"; sourceTree = "<group>"; };
		04F19FAC1FBFF812001811FA /* Ingredients.swift */ = {isa = PBXFileReference; lastKnownFileType = sourcecode.swift; path = Ingredients.swift; sourceTree = "<group>"; };
		14F7BDAAE32C61A017004FA4 /* Pods-MangeFridge.debug.xcconfig */ = {isa = PBXFileReference; includeInIndex = 1; lastKnownFileType = text.xcconfig; name = "Pods-MangeFridge.debug.xcconfig"; path = "Pods/Target Support Files/Pods-MangeFridge/Pods-MangeFridge.debug.xcconfig"; sourceTree = "<group>"; };
		59156F1C06ABF4C9D4A87749 /* Pods-MangeFridge.release.xcconfig */ = {isa = PBXFileReference; includeInIndex = 1; lastKnownFileType = text.xcconfig; name = "Pods-MangeFridge.release.xcconfig"; path = "Pods/Target Support Files/Pods-MangeFridge/Pods-MangeFridge.release.xcconfig"; sourceTree = "<group>"; };
		CE7CFB95193AAFB999D500E3 /* Pods_MangeFridge.framework */ = {isa = PBXFileReference; explicitFileType = wrapper.framework; includeInIndex = 0; path = Pods_MangeFridge.framework; sourceTree = BUILT_PRODUCTS_DIR; };
/* End PBXFileReference section */

/* Begin PBXFrameworksBuildPhase section */
		04B083F31FAC983B0058BF55 /* Frameworks */ = {
			isa = PBXFrameworksBuildPhase;
			buildActionMask = 2147483647;
			files = (
				9587BA0C96BD634A201D8E9F /* Pods_MangeFridge.framework in Frameworks */,
			);
			runOnlyForDeploymentPostprocessing = 0;
		};
		04B084071FAC983B0058BF55 /* Frameworks */ = {
			isa = PBXFrameworksBuildPhase;
			buildActionMask = 2147483647;
			files = (
			);
			runOnlyForDeploymentPostprocessing = 0;
		};
		04B084121FAC983B0058BF55 /* Frameworks */ = {
			isa = PBXFrameworksBuildPhase;
			buildActionMask = 2147483647;
			files = (
			);
			runOnlyForDeploymentPostprocessing = 0;
		};
/* End PBXFrameworksBuildPhase section */

/* Begin PBXGroup section */
		04078CB71FAEBD1F007196E0 /* Menu */ = {
			isa = PBXGroup;
			children = (
				04078CBB1FAF3C79007196E0 /* MenuBase */,
				04078CBC1FAF3C92007196E0 /* MenuContentScreen */,
				046F2FA61FB06D7F0023FC99 /* DetailViewController.swift */,
				04C0D1F01FC2AC32006DCF5B /* ShowUserFeedbackVC.swift */,
				046F2FA81FB06D880023FC99 /* RatingViewController.swift */,
			);
			path = Menu;
			sourceTree = "<group>";
		};
		04078CB81FAEBD37007196E0 /* Search */ = {
			isa = PBXGroup;
			children = (
				04078CB91FAEBD59007196E0 /* CustomSegment.swift */,
				04078CD11FAF41EA007196E0 /* SearchViewController.swift */,
				046F2FA41FB04EE50023FC99 /* SearchResultViewController.swift */,
			);
			path = Search;
			sourceTree = "<group>";
		};
		04078CBB1FAF3C79007196E0 /* MenuBase */ = {
			isa = PBXGroup;
			children = (
				04078CBE1FAF3CBF007196E0 /* HostViewController.swift */,
				04078CBD1FAF3CBF007196E0 /* NavigationMenuViewController.swift */,
			);
			path = MenuBase;
			sourceTree = "<group>";
		};
		04078CBC1FAF3C92007196E0 /* MenuContentScreen */ = {
			isa = PBXGroup;
			children = (
				04078CE31FAF45A5007196E0 /* UserData */,
				04078CD31FAF41F7007196E0 /* Menu Food Type */,
				04078CB81FAEBD37007196E0 /* Search */,
			);
			path = MenuContentScreen;
			sourceTree = "<group>";
		};
		04078CD31FAF41F7007196E0 /* Menu Food Type */ = {
			isa = PBXGroup;
			children = (
				046F2F961FB045630023FC99 /* DrinkViewController.swift */,
				046F2F981FB045770023FC99 /* FoodViewController.swift */,
				046F2F9A1FB045870023FC99 /* TopRatedViewController.swift */,
				046F2F9C1FB0459A0023FC99 /* FavouriteViewController.swift */,
			);
			path = "Menu Food Type";
			sourceTree = "<group>";
		};
		04078CE31FAF45A5007196E0 /* UserData */ = {
			isa = PBXGroup;
			children = (
				04078CDD1FAF4382007196E0 /* ProfileViewController.swift */,
				04078CE41FAF464B007196E0 /* ChagePasswordViewController.swift */,
				04DF4CA91FB478580030B28F /* ProfileViewController+Extension.swift */,
			);
			path = UserData;
			sourceTree = "<group>";
		};
		044750641FAD86C000EE8C73 /* CustomView */ = {
			isa = PBXGroup;
			children = (
				044750661FAD86D900EE8C73 /* CustomTextField.swift */,
				0447506E1FAD86DA00EE8C73 /* CustomViewWithLessAlpha.swift */,
				044750711FAD86DB00EE8C73 /* AppFont.swift */,
				0447506C1FAD86DA00EE8C73 /* CircleImageView.swift */,
			);
			path = CustomView;
			sourceTree = "<group>";
		};
		044750871FAD86F100EE8C73 /* Base */ = {
			isa = PBXGroup;
			children = (
				04B083F91FAC983B0058BF55 /* AppDelegate.swift */,
				04B083FB1FAC983B0058BF55 /* LogInViewController.swift */,
				04B0842F1FAC9C5D0058BF55 /* SignUpViwController.swift */,
				044750881FAD872700EE8C73 /* ForgetPasswordViewController.swift */,
				04DF4CA71FB474930030B28F /* SignUpViewController+Extension.swift */,
			);
			path = Base;
			sourceTree = "<group>";
		};
		046F2F931FB03D6D0023FC99 /* TableViewCell */ = {
			isa = PBXGroup;
			children = (
				046F2F941FB03DAA0023FC99 /* MenuCell.swift */,
				04C0D1EE1FC2A8C4006DCF5B /* UserFeedbackCellTableViewCell.swift */,
				046F2FA21FB049D00023FC99 /* ItemTableViewCell.swift */,
			);
			path = TableViewCell;
			sourceTree = "<group>";
		};
		04B083ED1FAC983B0058BF55 = {
			isa = PBXGroup;
			children = (
				04B083F81FAC983B0058BF55 /* MangeFridge */,
				04B0840D1FAC983B0058BF55 /* MangeFridgeTests */,
				04B084181FAC983B0058BF55 /* MangeFridgeUITests */,
				04B083F71FAC983B0058BF55 /* Products */,
				F41000B0FF5C15F233A47E29 /* Pods */,
				742D0EAA94A47AF9AB1F648E /* Frameworks */,
			);
			sourceTree = "<group>";
		};
		04B083F71FAC983B0058BF55 /* Products */ = {
			isa = PBXGroup;
			children = (
				04B083F61FAC983B0058BF55 /* MangeFridge.app */,
				04B0840A1FAC983B0058BF55 /* MangeFridgeTests.xctest */,
				04B084151FAC983B0058BF55 /* MangeFridgeUITests.xctest */,
			);
			name = Products;
			sourceTree = "<group>";
		};
		04B083F81FAC983B0058BF55 /* MangeFridge */ = {
			isa = PBXGroup;
			children = (
				042254811FB169470064798B /* TLTagsControl.h */,
				042254821FB169470064798B /* TLTagsControl.m */,
				046F2F931FB03D6D0023FC99 /* TableViewCell */,
				04B0842C1FAC9B2E0058BF55 /* Api's */,
				04B084281FAC9A6E0058BF55 /* Utility */,
				04B084271FAC9A620058BF55 /* Model */,
				04B0842B1FAC9AE70058BF55 /* Helper */,
				04B0842A1FAC9A930058BF55 /* Controller's */,
				04B084291FAC9A810058BF55 /* View's */,
				04B084001FAC983B0058BF55 /* Assets.xcassets */,
				04B084051FAC983B0058BF55 /* Info.plist */,
				042254801FB169410064798B /* MangeFridge-Bridging-Header.h */,
			);
			path = MangeFridge;
			sourceTree = "<group>";
		};
		04B0840D1FAC983B0058BF55 /* MangeFridgeTests */ = {
			isa = PBXGroup;
			children = (
				04B0840E1FAC983B0058BF55 /* MangeFridgeTests.swift */,
				04B084101FAC983B0058BF55 /* Info.plist */,
			);
			path = MangeFridgeTests;
			sourceTree = "<group>";
		};
		04B084181FAC983B0058BF55 /* MangeFridgeUITests */ = {
			isa = PBXGroup;
			children = (
				04B084191FAC983B0058BF55 /* MangeFridgeUITests.swift */,
				04B0841B1FAC983B0058BF55 /* Info.plist */,
			);
			path = MangeFridgeUITests;
			sourceTree = "<group>";
		};
		04B084271FAC9A620058BF55 /* Model */ = {
			isa = PBXGroup;
			children = (
				04078CC11FAF4012007196E0 /* User.swift */,
				04078CC31FAF401E007196E0 /* Constants.swift */,
				045CFCAA1FB5CB4600B573D3 /* Item.swift */,
				04F19FAC1FBFF812001811FA /* Ingredients.swift */,
			);
			path = Model;
			sourceTree = "<group>";
		};
		04B084281FAC9A6E0058BF55 /* Utility */ = {
			isa = PBXGroup;
			children = (
				046F2F911FB02A7E0023FC99 /* PROXIMASANSREGULAR REGULAR.TTF */,
				04078CC71FAF4066007196E0 /* Extensions.swift */,
				04078CC51FAF4028007196E0 /* Utils.swift */,
			);
			path = Utility;
			sourceTree = "<group>";
		};
		04B084291FAC9A810058BF55 /* View's */ = {
			isa = PBXGroup;
			children = (
				04B084021FAC983B0058BF55 /* LaunchScreen.storyboard */,
				04B083FD1FAC983B0058BF55 /* Base.storyboard */,
				04B0842D1FAC9BD20058BF55 /* Menu.storyboard */,
			);
			path = "View's";
			sourceTree = "<group>";
		};
		04B0842A1FAC9A930058BF55 /* Controller's */ = {
			isa = PBXGroup;
			children = (
				044750871FAD86F100EE8C73 /* Base */,
				04078CB71FAEBD1F007196E0 /* Menu */,
			);
			path = "Controller's";
			sourceTree = "<group>";
		};
		04B0842B1FAC9AE70058BF55 /* Helper */ = {
			isa = PBXGroup;
			children = (
				044750641FAD86C000EE8C73 /* CustomView */,
			);
			path = Helper;
			sourceTree = "<group>";
		};
		04B0842C1FAC9B2E0058BF55 /* Api's */ = {
			isa = PBXGroup;
			children = (
				04078CCC1FAF407C007196E0 /* WebserviceManager.swift */,
				04078CCB1FAF407B007196E0 /* Singleton.swift */,
			);
			path = "Api's";
			sourceTree = "<group>";
		};
		742D0EAA94A47AF9AB1F648E /* Frameworks */ = {
			isa = PBXGroup;
			children = (
				CE7CFB95193AAFB999D500E3 /* Pods_MangeFridge.framework */,
			);
			name = Frameworks;
			sourceTree = "<group>";
		};
		F41000B0FF5C15F233A47E29 /* Pods */ = {
			isa = PBXGroup;
			children = (
				14F7BDAAE32C61A017004FA4 /* Pods-MangeFridge.debug.xcconfig */,
				59156F1C06ABF4C9D4A87749 /* Pods-MangeFridge.release.xcconfig */,
			);
			name = Pods;
			sourceTree = "<group>";
		};
/* End PBXGroup section */

/* Begin PBXNativeTarget section */
		04B083F51FAC983B0058BF55 /* MangeFridge */ = {
			isa = PBXNativeTarget;
			buildConfigurationList = 04B0841E1FAC983B0058BF55 /* Build configuration list for PBXNativeTarget "MangeFridge" */;
			buildPhases = (
				A0B09926EE4EA6A6605270C8 /* [CP] Check Pods Manifest.lock */,
				04B083F21FAC983B0058BF55 /* Sources */,
				04B083F31FAC983B0058BF55 /* Frameworks */,
				04B083F41FAC983B0058BF55 /* Resources */,
				48916A407584676133A821F9 /* [CP] Embed Pods Frameworks */,
				8863C2F5C268D1620485C526 /* [CP] Copy Pods Resources */,
			);
			buildRules = (
			);
			dependencies = (
			);
			name = MangeFridge;
			productName = MangeFridge;
			productReference = 04B083F61FAC983B0058BF55 /* MangeFridge.app */;
			productType = "com.apple.product-type.application";
		};
		04B084091FAC983B0058BF55 /* MangeFridgeTests */ = {
			isa = PBXNativeTarget;
			buildConfigurationList = 04B084211FAC983B0058BF55 /* Build configuration list for PBXNativeTarget "MangeFridgeTests" */;
			buildPhases = (
				04B084061FAC983B0058BF55 /* Sources */,
				04B084071FAC983B0058BF55 /* Frameworks */,
				04B084081FAC983B0058BF55 /* Resources */,
			);
			buildRules = (
			);
			dependencies = (
				04B0840C1FAC983B0058BF55 /* PBXTargetDependency */,
			);
			name = MangeFridgeTests;
			productName = MangeFridgeTests;
			productReference = 04B0840A1FAC983B0058BF55 /* MangeFridgeTests.xctest */;
			productType = "com.apple.product-type.bundle.unit-test";
		};
		04B084141FAC983B0058BF55 /* MangeFridgeUITests */ = {
			isa = PBXNativeTarget;
			buildConfigurationList = 04B084241FAC983B0058BF55 /* Build configuration list for PBXNativeTarget "MangeFridgeUITests" */;
			buildPhases = (
				04B084111FAC983B0058BF55 /* Sources */,
				04B084121FAC983B0058BF55 /* Frameworks */,
				04B084131FAC983B0058BF55 /* Resources */,
			);
			buildRules = (
			);
			dependencies = (
				04B084171FAC983B0058BF55 /* PBXTargetDependency */,
			);
			name = MangeFridgeUITests;
			productName = MangeFridgeUITests;
			productReference = 04B084151FAC983B0058BF55 /* MangeFridgeUITests.xctest */;
			productType = "com.apple.product-type.bundle.ui-testing";
		};
/* End PBXNativeTarget section */

/* Begin PBXProject section */
		04B083EE1FAC983B0058BF55 /* Project object */ = {
			isa = PBXProject;
			attributes = {
				LastSwiftUpdateCheck = 0900;
				LastUpgradeCheck = 0900;
				ORGANIZATIONNAME = Orem;
				TargetAttributes = {
					04B083F51FAC983B0058BF55 = {
						CreatedOnToolsVersion = 9.0.1;
						LastSwiftMigration = 0900;
						ProvisioningStyle = Automatic;
					};
					04B084091FAC983B0058BF55 = {
						CreatedOnToolsVersion = 9.0.1;
						ProvisioningStyle = Automatic;
						TestTargetID = 04B083F51FAC983B0058BF55;
					};
					04B084141FAC983B0058BF55 = {
						CreatedOnToolsVersion = 9.0.1;
						ProvisioningStyle = Automatic;
						TestTargetID = 04B083F51FAC983B0058BF55;
					};
				};
			};
			buildConfigurationList = 04B083F11FAC983B0058BF55 /* Build configuration list for PBXProject "MangeFridge" */;
			compatibilityVersion = "Xcode 8.0";
			developmentRegion = en;
			hasScannedForEncodings = 0;
			knownRegions = (
				en,
				Base,
			);
			mainGroup = 04B083ED1FAC983B0058BF55;
			productRefGroup = 04B083F71FAC983B0058BF55 /* Products */;
			projectDirPath = "";
			projectRoot = "";
			targets = (
				04B083F51FAC983B0058BF55 /* MangeFridge */,
				04B084091FAC983B0058BF55 /* MangeFridgeTests */,
				04B084141FAC983B0058BF55 /* MangeFridgeUITests */,
			);
		};
/* End PBXProject section */

/* Begin PBXResourcesBuildPhase section */
		04B083F41FAC983B0058BF55 /* Resources */ = {
			isa = PBXResourcesBuildPhase;
			buildActionMask = 2147483647;
			files = (
				04B084041FAC983B0058BF55 /* LaunchScreen.storyboard in Resources */,
				04B084011FAC983B0058BF55 /* Assets.xcassets in Resources */,
				04B083FF1FAC983B0058BF55 /* Base.storyboard in Resources */,
				04B0842E1FAC9BD20058BF55 /* Menu.storyboard in Resources */,
				046F2F921FB02A7E0023FC99 /* PROXIMASANSREGULAR REGULAR.TTF in Resources */,
			);
			runOnlyForDeploymentPostprocessing = 0;
		};
		04B084081FAC983B0058BF55 /* Resources */ = {
			isa = PBXResourcesBuildPhase;
			buildActionMask = 2147483647;
			files = (
			);
			runOnlyForDeploymentPostprocessing = 0;
		};
		04B084131FAC983B0058BF55 /* Resources */ = {
			isa = PBXResourcesBuildPhase;
			buildActionMask = 2147483647;
			files = (
			);
			runOnlyForDeploymentPostprocessing = 0;
		};
/* End PBXResourcesBuildPhase section */

/* Begin PBXShellScriptBuildPhase section */
		48916A407584676133A821F9 /* [CP] Embed Pods Frameworks */ = {
			isa = PBXShellScriptBuildPhase;
			buildActionMask = 2147483647;
			files = (
			);
			inputPaths = (
				"${SRCROOT}/Pods/Target Support Files/Pods-MangeFridge/Pods-MangeFridge-frameworks.sh",
				"${BUILT_PRODUCTS_DIR}/Alamofire/Alamofire.framework",
				"${BUILT_PRODUCTS_DIR}/AlamofireImage/AlamofireImage.framework",
				"${BUILT_PRODUCTS_DIR}/FTIndicator/FTIndicator.framework",
				"${BUILT_PRODUCTS_DIR}/HCSStarRatingView/HCSStarRatingView.framework",
				"${BUILT_PRODUCTS_DIR}/IQKeyboardManagerSwift/IQKeyboardManagerSwift.framework",
				"${BUILT_PRODUCTS_DIR}/InteractiveSideMenu/InteractiveSideMenu.framework",
				"${BUILT_PRODUCTS_DIR}/KMPlaceholderTextView/KMPlaceholderTextView.framework",
				"${BUILT_PRODUCTS_DIR}/NVActivityIndicatorView/NVActivityIndicatorView.framework",
				"${BUILT_PRODUCTS_DIR}/ParallaxHeader/ParallaxHeader.framework",
				"${BUILT_PRODUCTS_DIR}/SHMultipleSelect/SHMultipleSelect.framework",
				"${BUILT_PRODUCTS_DIR}/TagListView/TagListView.framework",
				"${BUILT_PRODUCTS_DIR}/TransitionButton/TransitionButton.framework",
			);
			name = "[CP] Embed Pods Frameworks";
			outputPaths = (
				"${TARGET_BUILD_DIR}/${FRAMEWORKS_FOLDER_PATH}/Alamofire.framework",
				"${TARGET_BUILD_DIR}/${FRAMEWORKS_FOLDER_PATH}/AlamofireImage.framework",
				"${TARGET_BUILD_DIR}/${FRAMEWORKS_FOLDER_PATH}/FTIndicator.framework",
				"${TARGET_BUILD_DIR}/${FRAMEWORKS_FOLDER_PATH}/HCSStarRatingView.framework",
				"${TARGET_BUILD_DIR}/${FRAMEWORKS_FOLDER_PATH}/IQKeyboardManagerSwift.framework",
				"${TARGET_BUILD_DIR}/${FRAMEWORKS_FOLDER_PATH}/InteractiveSideMenu.framework",
				"${TARGET_BUILD_DIR}/${FRAMEWORKS_FOLDER_PATH}/KMPlaceholderTextView.framework",
				"${TARGET_BUILD_DIR}/${FRAMEWORKS_FOLDER_PATH}/NVActivityIndicatorView.framework",
				"${TARGET_BUILD_DIR}/${FRAMEWORKS_FOLDER_PATH}/ParallaxHeader.framework",
				"${TARGET_BUILD_DIR}/${FRAMEWORKS_FOLDER_PATH}/SHMultipleSelect.framework",
				"${TARGET_BUILD_DIR}/${FRAMEWORKS_FOLDER_PATH}/TagListView.framework",
				"${TARGET_BUILD_DIR}/${FRAMEWORKS_FOLDER_PATH}/TransitionButton.framework",
			);
			runOnlyForDeploymentPostprocessing = 0;
			shellPath = /bin/sh;
			shellScript = "\"${SRCROOT}/Pods/Target Support Files/Pods-MangeFridge/Pods-MangeFridge-frameworks.sh\"\n";
			showEnvVarsInLog = 0;
		};
		8863C2F5C268D1620485C526 /* [CP] Copy Pods Resources */ = {
			isa = PBXShellScriptBuildPhase;
			buildActionMask = 2147483647;
			files = (
			);
			inputPaths = (
			);
			name = "[CP] Copy Pods Resources";
			outputPaths = (
			);
			runOnlyForDeploymentPostprocessing = 0;
			shellPath = /bin/sh;
			shellScript = "\"${SRCROOT}/Pods/Target Support Files/Pods-MangeFridge/Pods-MangeFridge-resources.sh\"\n";
			showEnvVarsInLog = 0;
		};
		A0B09926EE4EA6A6605270C8 /* [CP] Check Pods Manifest.lock */ = {
			isa = PBXShellScriptBuildPhase;
			buildActionMask = 2147483647;
			files = (
			);
			inputPaths = (
				"${PODS_PODFILE_DIR_PATH}/Podfile.lock",
				"${PODS_ROOT}/Manifest.lock",
			);
			name = "[CP] Check Pods Manifest.lock";
			outputPaths = (
				"$(DERIVED_FILE_DIR)/Pods-MangeFridge-checkManifestLockResult.txt",
			);
			runOnlyForDeploymentPostprocessing = 0;
			shellPath = /bin/sh;
			shellScript = "diff \"${PODS_PODFILE_DIR_PATH}/Podfile.lock\" \"${PODS_ROOT}/Manifest.lock\" > /dev/null\nif [ $? != 0 ] ; then\n    # print error to STDERR\n    echo \"error: The sandbox is not in sync with the Podfile.lock. Run 'pod install' or update your CocoaPods installation.\" >&2\n    exit 1\nfi\n# This output is used by Xcode 'outputs' to avoid re-running this script phase.\necho \"SUCCESS\" > \"${SCRIPT_OUTPUT_FILE_0}\"\n";
			showEnvVarsInLog = 0;
		};
/* End PBXShellScriptBuildPhase section */

/* Begin PBXSourcesBuildPhase section */
		04B083F21FAC983B0058BF55 /* Sources */ = {
			isa = PBXSourcesBuildPhase;
			buildActionMask = 2147483647;
			files = (
				044750821FAD86DC00EE8C73 /* AppFont.swift in Sources */,
				046F2FA91FB06D890023FC99 /* RatingViewController.swift in Sources */,
				04078CC61FAF4028007196E0 /* Utils.swift in Sources */,
				04078CE51FAF464B007196E0 /* ChagePasswordViewController.swift in Sources */,
				04078CCF1FAF407C007196E0 /* Singleton.swift in Sources */,
				04C0D1EF1FC2A8C4006DCF5B /* UserFeedbackCellTableViewCell.swift in Sources */,
				0447507D1FAD86DC00EE8C73 /* CircleImageView.swift in Sources */,
				046F2F971FB045630023FC99 /* DrinkViewController.swift in Sources */,
				044750891FAD872700EE8C73 /* ForgetPasswordViewController.swift in Sources */,
				04B084301FAC9C5D0058BF55 /* SignUpViwController.swift in Sources */,
				046F2F9D1FB0459A0023FC99 /* FavouriteViewController.swift in Sources */,
				04078CC41FAF401E007196E0 /* Constants.swift in Sources */,
				04B083FC1FAC983B0058BF55 /* LogInViewController.swift in Sources */,
				04078CD21FAF41EA007196E0 /* SearchViewController.swift in Sources */,
				04078CC01FAF3CBF007196E0 /* HostViewController.swift in Sources */,
				04DF4CA81FB474930030B28F /* SignUpViewController+Extension.swift in Sources */,
				04078CC21FAF4012007196E0 /* User.swift in Sources */,
				045CFCAB1FB5CB4600B573D3 /* Item.swift in Sources */,
				04078CBA1FAEBD59007196E0 /* CustomSegment.swift in Sources */,
				0447507F1FAD86DC00EE8C73 /* CustomViewWithLessAlpha.swift in Sources */,
				04078CBF1FAF3CBF007196E0 /* NavigationMenuViewController.swift in Sources */,
				046F2FA71FB06D7F0023FC99 /* DetailViewController.swift in Sources */,
				046F2FA51FB04EE50023FC99 /* SearchResultViewController.swift in Sources */,
				04F19FAD1FBFF812001811FA /* Ingredients.swift in Sources */,
				042254831FB169480064798B /* TLTagsControl.m in Sources */,
				04C0D1F11FC2AC33006DCF5B /* ShowUserFeedbackVC.swift in Sources */,
				04078CDE1FAF4382007196E0 /* ProfileViewController.swift in Sources */,
				046F2F951FB03DAA0023FC99 /* MenuCell.swift in Sources */,
				04B083FA1FAC983B0058BF55 /* AppDelegate.swift in Sources */,
				044750771FAD86DC00EE8C73 /* CustomTextField.swift in Sources */,
				046F2F9B1FB045870023FC99 /* TopRatedViewController.swift in Sources */,
				046F2F991FB045770023FC99 /* FoodViewController.swift in Sources */,
				04DF4CAA1FB478580030B28F /* ProfileViewController+Extension.swift in Sources */,
				04078CD01FAF407C007196E0 /* WebserviceManager.swift in Sources */,
				046F2FA31FB049D00023FC99 /* ItemTableViewCell.swift in Sources */,
				04078CC81FAF4066007196E0 /* Extensions.swift in Sources */,
			);
			runOnlyForDeploymentPostprocessing = 0;
		};
		04B084061FAC983B0058BF55 /* Sources */ = {
			isa = PBXSourcesBuildPhase;
			buildActionMask = 2147483647;
			files = (
				04B0840F1FAC983B0058BF55 /* MangeFridgeTests.swift in Sources */,
			);
			runOnlyForDeploymentPostprocessing = 0;
		};
		04B084111FAC983B0058BF55 /* Sources */ = {
			isa = PBXSourcesBuildPhase;
			buildActionMask = 2147483647;
			files = (
				04B0841A1FAC983B0058BF55 /* MangeFridgeUITests.swift in Sources */,
			);
			runOnlyForDeploymentPostprocessing = 0;
		};
/* End PBXSourcesBuildPhase section */

/* Begin PBXTargetDependency section */
		04B0840C1FAC983B0058BF55 /* PBXTargetDependency */ = {
			isa = PBXTargetDependency;
			target = 04B083F51FAC983B0058BF55 /* MangeFridge */;
			targetProxy = 04B0840B1FAC983B0058BF55 /* PBXContainerItemProxy */;
		};
		04B084171FAC983B0058BF55 /* PBXTargetDependency */ = {
			isa = PBXTargetDependency;
			target = 04B083F51FAC983B0058BF55 /* MangeFridge */;
			targetProxy = 04B084161FAC983B0058BF55 /* PBXContainerItemProxy */;
		};
/* End PBXTargetDependency section */

/* Begin PBXVariantGroup section */
		04B083FD1FAC983B0058BF55 /* Base.storyboard */ = {
			isa = PBXVariantGroup;
			children = (
				04B083FE1FAC983B0058BF55 /* Base */,
			);
			name = Base.storyboard;
			sourceTree = "<group>";
		};
		04B084021FAC983B0058BF55 /* LaunchScreen.storyboard */ = {
			isa = PBXVariantGroup;
			children = (
				04B084031FAC983B0058BF55 /* Base */,
			);
			name = LaunchScreen.storyboard;
			sourceTree = "<group>";
		};
/* End PBXVariantGroup section */

/* Begin XCBuildConfiguration section */
		04B0841C1FAC983B0058BF55 /* Debug */ = {
			isa = XCBuildConfiguration;
			buildSettings = {
				ALWAYS_SEARCH_USER_PATHS = NO;
				CLANG_ANALYZER_NONNULL = YES;
				CLANG_ANALYZER_NUMBER_OBJECT_CONVERSION = YES_AGGRESSIVE;
				CLANG_CXX_LANGUAGE_STANDARD = "gnu++14";
				CLANG_CXX_LIBRARY = "libc++";
				CLANG_ENABLE_MODULES = YES;
				CLANG_ENABLE_OBJC_ARC = YES;
				CLANG_WARN_BLOCK_CAPTURE_AUTORELEASING = YES;
				CLANG_WARN_BOOL_CONVERSION = YES;
				CLANG_WARN_COMMA = YES;
				CLANG_WARN_CONSTANT_CONVERSION = YES;
				CLANG_WARN_DIRECT_OBJC_ISA_USAGE = YES_ERROR;
				CLANG_WARN_DOCUMENTATION_COMMENTS = YES;
				CLANG_WARN_EMPTY_BODY = YES;
				CLANG_WARN_ENUM_CONVERSION = YES;
				CLANG_WARN_INFINITE_RECURSION = YES;
				CLANG_WARN_INT_CONVERSION = YES;
				CLANG_WARN_NON_LITERAL_NULL_CONVERSION = YES;
				CLANG_WARN_OBJC_LITERAL_CONVERSION = YES;
				CLANG_WARN_OBJC_ROOT_CLASS = YES_ERROR;
				CLANG_WARN_RANGE_LOOP_ANALYSIS = YES;
				CLANG_WARN_STRICT_PROTOTYPES = YES;
				CLANG_WARN_SUSPICIOUS_MOVE = YES;
				CLANG_WARN_UNGUARDED_AVAILABILITY = YES_AGGRESSIVE;
				CLANG_WARN_UNREACHABLE_CODE = YES;
				CLANG_WARN__DUPLICATE_METHOD_MATCH = YES;
				CODE_SIGN_IDENTITY = "iPhone Developer";
				COPY_PHASE_STRIP = NO;
				DEBUG_INFORMATION_FORMAT = dwarf;
				ENABLE_STRICT_OBJC_MSGSEND = YES;
				ENABLE_TESTABILITY = YES;
				GCC_C_LANGUAGE_STANDARD = gnu11;
				GCC_DYNAMIC_NO_PIC = NO;
				GCC_NO_COMMON_BLOCKS = YES;
				GCC_OPTIMIZATION_LEVEL = 0;
				GCC_PREPROCESSOR_DEFINITIONS = (
					"DEBUG=1",
					"$(inherited)",
				);
				GCC_WARN_64_TO_32_BIT_CONVERSION = YES;
				GCC_WARN_ABOUT_RETURN_TYPE = YES_ERROR;
				GCC_WARN_UNDECLARED_SELECTOR = YES;
				GCC_WARN_UNINITIALIZED_AUTOS = YES_AGGRESSIVE;
				GCC_WARN_UNUSED_FUNCTION = YES;
				GCC_WARN_UNUSED_VARIABLE = YES;
				IPHONEOS_DEPLOYMENT_TARGET = 11.0;
				MTL_ENABLE_DEBUG_INFO = YES;
				ONLY_ACTIVE_ARCH = YES;
				SDKROOT = iphoneos;
				SWIFT_ACTIVE_COMPILATION_CONDITIONS = DEBUG;
				SWIFT_OPTIMIZATION_LEVEL = "-Onone";
			};
			name = Debug;
		};
		04B0841D1FAC983B0058BF55 /* Release */ = {
			isa = XCBuildConfiguration;
			buildSettings = {
				ALWAYS_SEARCH_USER_PATHS = NO;
				CLANG_ANALYZER_NONNULL = YES;
				CLANG_ANALYZER_NUMBER_OBJECT_CONVERSION = YES_AGGRESSIVE;
				CLANG_CXX_LANGUAGE_STANDARD = "gnu++14";
				CLANG_CXX_LIBRARY = "libc++";
				CLANG_ENABLE_MODULES = YES;
				CLANG_ENABLE_OBJC_ARC = YES;
				CLANG_WARN_BLOCK_CAPTURE_AUTORELEASING = YES;
				CLANG_WARN_BOOL_CONVERSION = YES;
				CLANG_WARN_COMMA = YES;
				CLANG_WARN_CONSTANT_CONVERSION = YES;
				CLANG_WARN_DIRECT_OBJC_ISA_USAGE = YES_ERROR;
				CLANG_WARN_DOCUMENTATION_COMMENTS = YES;
				CLANG_WARN_EMPTY_BODY = YES;
				CLANG_WARN_ENUM_CONVERSION = YES;
				CLANG_WARN_INFINITE_RECURSION = YES;
				CLANG_WARN_INT_CONVERSION = YES;
				CLANG_WARN_NON_LITERAL_NULL_CONVERSION = YES;
				CLANG_WARN_OBJC_LITERAL_CONVERSION = YES;
				CLANG_WARN_OBJC_ROOT_CLASS = YES_ERROR;
				CLANG_WARN_RANGE_LOOP_ANALYSIS = YES;
				CLANG_WARN_STRICT_PROTOTYPES = YES;
				CLANG_WARN_SUSPICIOUS_MOVE = YES;
				CLANG_WARN_UNGUARDED_AVAILABILITY = YES_AGGRESSIVE;
				CLANG_WARN_UNREACHABLE_CODE = YES;
				CLANG_WARN__DUPLICATE_METHOD_MATCH = YES;
				CODE_SIGN_IDENTITY = "iPhone Developer";
				COPY_PHASE_STRIP = NO;
				DEBUG_INFORMATION_FORMAT = "dwarf-with-dsym";
				ENABLE_NS_ASSERTIONS = NO;
				ENABLE_STRICT_OBJC_MSGSEND = YES;
				GCC_C_LANGUAGE_STANDARD = gnu11;
				GCC_NO_COMMON_BLOCKS = YES;
				GCC_WARN_64_TO_32_BIT_CONVERSION = YES;
				GCC_WARN_ABOUT_RETURN_TYPE = YES_ERROR;
				GCC_WARN_UNDECLARED_SELECTOR = YES;
				GCC_WARN_UNINITIALIZED_AUTOS = YES_AGGRESSIVE;
				GCC_WARN_UNUSED_FUNCTION = YES;
				GCC_WARN_UNUSED_VARIABLE = YES;
				IPHONEOS_DEPLOYMENT_TARGET = 11.0;
				MTL_ENABLE_DEBUG_INFO = NO;
				SDKROOT = iphoneos;
				SWIFT_OPTIMIZATION_LEVEL = "-Owholemodule";
				VALIDATE_PRODUCT = YES;
			};
			name = Release;
		};
		04B0841F1FAC983B0058BF55 /* Debug */ = {
			isa = XCBuildConfiguration;
			baseConfigurationReference = 14F7BDAAE32C61A017004FA4 /* Pods-MangeFridge.debug.xcconfig */;
			buildSettings = {
				ASSETCATALOG_COMPILER_APPICON_NAME = AppIcon;
				CLANG_ENABLE_MODULES = YES;
				"CODE_SIGN_IDENTITY[sdk=iphoneos*]" = "iPhone Developer";
				CODE_SIGN_STYLE = Automatic;
				DEVELOPMENT_TEAM = G756GZBW2N;
				INFOPLIST_FILE = MangeFridge/Info.plist;
				IPHONEOS_DEPLOYMENT_TARGET = 10.1;
				LD_RUNPATH_SEARCH_PATHS = "$(inherited) @executable_path/Frameworks";
				PRODUCT_BUNDLE_IDENTIFIER = com.orem.fridgeapp;
				PRODUCT_NAME = "$(TARGET_NAME)";
				PROVISIONING_PROFILE = "";
				PROVISIONING_PROFILE_SPECIFIER = "";
				SWIFT_OBJC_BRIDGING_HEADER = "MangeFridge/MangeFridge-Bridging-Header.h";
				SWIFT_OPTIMIZATION_LEVEL = "-Onone";
				SWIFT_VERSION = 4.0;
				TARGETED_DEVICE_FAMILY = 1;
			};
			name = Debug;
		};
		04B084201FAC983B0058BF55 /* Release */ = {
			isa = XCBuildConfiguration;
			baseConfigurationReference = 59156F1C06ABF4C9D4A87749 /* Pods-MangeFridge.release.xcconfig */;
			buildSettings = {
				ASSETCATALOG_COMPILER_APPICON_NAME = AppIcon;
				CLANG_ENABLE_MODULES = YES;
				"CODE_SIGN_IDENTITY[sdk=iphoneos*]" = "iPhone Developer";
				CODE_SIGN_STYLE = Automatic;
				DEVELOPMENT_TEAM = G756GZBW2N;
				INFOPLIST_FILE = MangeFridge/Info.plist;
				IPHONEOS_DEPLOYMENT_TARGET = 10.1;
				LD_RUNPATH_SEARCH_PATHS = "$(inherited) @executable_path/Frameworks";
				PRODUCT_BUNDLE_IDENTIFIER = com.orem.fridgeapp;
				PRODUCT_NAME = "$(TARGET_NAME)";
				PROVISIONING_PROFILE = "";
				PROVISIONING_PROFILE_SPECIFIER = "";
				SWIFT_OBJC_BRIDGING_HEADER = "MangeFridge/MangeFridge-Bridging-Header.h";
				SWIFT_VERSION = 4.0;
				TARGETED_DEVICE_FAMILY = 1;
			};
			name = Release;
		};
		04B084221FAC983B0058BF55 /* Debug */ = {
			isa = XCBuildConfiguration;
			buildSettings = {
				ALWAYS_EMBED_SWIFT_STANDARD_LIBRARIES = YES;
				BUNDLE_LOADER = "$(TEST_HOST)";
				CODE_SIGN_STYLE = Automatic;
				INFOPLIST_FILE = MangeFridgeTests/Info.plist;
				LD_RUNPATH_SEARCH_PATHS = "$(inherited) @executable_path/Frameworks @loader_path/Frameworks";
				PRODUCT_BUNDLE_IDENTIFIER = com.orem.MangeFridgeTests;
				PRODUCT_NAME = "$(TARGET_NAME)";
				SWIFT_VERSION = 4.0;
				TARGETED_DEVICE_FAMILY = "1,2";
				TEST_HOST = "$(BUILT_PRODUCTS_DIR)/MangeFridge.app/MangeFridge";
			};
			name = Debug;
		};
		04B084231FAC983B0058BF55 /* Release */ = {
			isa = XCBuildConfiguration;
			buildSettings = {
				ALWAYS_EMBED_SWIFT_STANDARD_LIBRARIES = YES;
				BUNDLE_LOADER = "$(TEST_HOST)";
				CODE_SIGN_STYLE = Automatic;
				INFOPLIST_FILE = MangeFridgeTests/Info.plist;
				LD_RUNPATH_SEARCH_PATHS = "$(inherited) @executable_path/Frameworks @loader_path/Frameworks";
				PRODUCT_BUNDLE_IDENTIFIER = com.orem.MangeFridgeTests;
				PRODUCT_NAME = "$(TARGET_NAME)";
				SWIFT_VERSION = 4.0;
				TARGETED_DEVICE_FAMILY = "1,2";
				TEST_HOST = "$(BUILT_PRODUCTS_DIR)/MangeFridge.app/MangeFridge";
			};
			name = Release;
		};
		04B084251FAC983B0058BF55 /* Debug */ = {
			isa = XCBuildConfiguration;
			buildSettings = {
				ALWAYS_EMBED_SWIFT_STANDARD_LIBRARIES = YES;
				CODE_SIGN_STYLE = Automatic;
				INFOPLIST_FILE = MangeFridgeUITests/Info.plist;
				LD_RUNPATH_SEARCH_PATHS = "$(inherited) @executable_path/Frameworks @loader_path/Frameworks";
				PRODUCT_BUNDLE_IDENTIFIER = com.orem.MangeFridgeUITests;
				PRODUCT_NAME = "$(TARGET_NAME)";
				SWIFT_VERSION = 4.0;
				TARGETED_DEVICE_FAMILY = "1,2";
				TEST_TARGET_NAME = MangeFridge;
			};
			name = Debug;
		};
		04B084261FAC983B0058BF55 /* Release */ = {
			isa = XCBuildConfiguration;
			buildSettings = {
				ALWAYS_EMBED_SWIFT_STANDARD_LIBRARIES = YES;
				CODE_SIGN_STYLE = Automatic;
				INFOPLIST_FILE = MangeFridgeUITests/Info.plist;
				LD_RUNPATH_SEARCH_PATHS = "$(inherited) @executable_path/Frameworks @loader_path/Frameworks";
				PRODUCT_BUNDLE_IDENTIFIER = com.orem.MangeFridgeUITests;
				PRODUCT_NAME = "$(TARGET_NAME)";
				SWIFT_VERSION = 4.0;
				TARGETED_DEVICE_FAMILY = "1,2";
				TEST_TARGET_NAME = MangeFridge;
			};
			name = Release;
		};
/* End XCBuildConfiguration section */

/* Begin XCConfigurationList section */
		04B083F11FAC983B0058BF55 /* Build configuration list for PBXProject "MangeFridge" */ = {
			isa = XCConfigurationList;
			buildConfigurations = (
				04B0841C1FAC983B0058BF55 /* Debug */,
				04B0841D1FAC983B0058BF55 /* Release */,
			);
			defaultConfigurationIsVisible = 0;
			defaultConfigurationName = Release;
		};
		04B0841E1FAC983B0058BF55 /* Build configuration list for PBXNativeTarget "MangeFridge" */ = {
			isa = XCConfigurationList;
			buildConfigurations = (
				04B0841F1FAC983B0058BF55 /* Debug */,
				04B084201FAC983B0058BF55 /* Release */,
			);
			defaultConfigurationIsVisible = 0;
			defaultConfigurationName = Release;
		};
		04B084211FAC983B0058BF55 /* Build configuration list for PBXNativeTarget "MangeFridgeTests" */ = {
			isa = XCConfigurationList;
			buildConfigurations = (
				04B084221FAC983B0058BF55 /* Debug */,
				04B084231FAC983B0058BF55 /* Release */,
			);
			defaultConfigurationIsVisible = 0;
			defaultConfigurationName = Release;
		};
		04B084241FAC983B0058BF55 /* Build configuration list for PBXNativeTarget "MangeFridgeUITests" */ = {
			isa = XCConfigurationList;
			buildConfigurations = (
				04B084251FAC983B0058BF55 /* Debug */,
				04B084261FAC983B0058BF55 /* Release */,
			);
			defaultConfigurationIsVisible = 0;
			defaultConfigurationName = Release;
		};
/* End XCConfigurationList section */
	};
	rootObject = 04B083EE1FAC983B0058BF55 /* Project object */;
}
